{
  "name": "@protoline/protoline",
  "version": "0.1.1",
  "lockfileVersion": 3,
  "requires": true,
  "packages": {
    "": {
      "name": "@protoline/protoline",
      "version": "0.1.1",
      "license": "Apache-2.0",
      "bin": {
        "protoline": "bin/protoline.mjs"
      },
      "engines": {
        "node": ">=20"
      }
    }
  }
}
